
Microsoft Visual Studio Solution File, Format Version 12.00
# Visual Studio 14
VisualStudioVersion = 14.0.24720.0
MinimumVisualStudioVersion = 10.0.40219.1
Project("{FAE04EC0-301F-11D3-BF4B-00C04F79EFBC}") = "SJKP.InAzure.Web", "SJKP.InAzure.Web.csproj", "{C853B4AE-5F26-463B-A87D-933DA952C461}"
EndProject
Project("{FAE04EC0-301F-11D3-BF4B-00C04F79EFBC}") = "Letsencrypt.AzureUsage", "Letsencrypt.AzureUsage\Letsencrypt.AzureUsage\Letsencrypt.AzureUsage.csproj", "{09AF1B36-BBD0-4FE1-9CF0-A53C0AEC7A89}"
EndProject
Project("{FAE04EC0-301F-11D3-BF4B-00C04F79EFBC}") = "Letsencrypt.AzureUsage.Test", "Letsencrypt.AzureUsage\Letsencrypt.AzureUsage\Letsencrypt.AzureUsage.Test\Letsencrypt.AzureUsage.Test.csproj", "{12B7638A-DB84-45CB-A086-0D0C1C075061}"
EndProject
Global
	GlobalSection(SolutionConfigurationPlatforms) = preSolution
		Debug|Any CPU = Debug|Any CPU
		Release|Any CPU = Release|Any CPU
	EndGlobalSection
	GlobalSection(ProjectConfigurationPlatforms) = postSolution
		{C853B4AE-5F26-463B-A87D-933DA952C461}.Debug|Any CPU.ActiveCfg = Debug|Any CPU
		{C853B4AE-5F26-463B-A87D-933DA952C461}.Debug|Any CPU.Build.0 = Debug|Any CPU
		{C853B4AE-5F26-463B-A87D-933DA952C461}.Release|Any CPU.ActiveCfg = Release|Any CPU
		{C853B4AE-5F26-463B-A87D-933DA952C461}.Release|Any CPU.Build.0 = Release|Any CPU
		{09AF1B36-BBD0-4FE1-9CF0-A53C0AEC7A89}.Debug|Any CPU.ActiveCfg = Debug|Any CPU
		{09AF1B36-BBD0-4FE1-9CF0-A53C0AEC7A89}.Debug|Any CPU.Build.0 = Debug|Any CPU
		{09AF1B36-BBD0-4FE1-9CF0-A53C0AEC7A89}.Release|Any CPU.ActiveCfg = Release|Any CPU
		{09AF1B36-BBD0-4FE1-9CF0-A53C0AEC7A89}.Release|Any CPU.Build.0 = Release|Any CPU
		{12B7638A-DB84-45CB-A086-0D0C1C075061}.Debug|Any CPU.ActiveCfg = Debug|Any CPU
		{12B7638A-DB84-45CB-A086-0D0C1C075061}.Debug|Any CPU.Build.0 = Debug|Any CPU
		{12B7638A-DB84-45CB-A086-0D0C1C075061}.Release|Any CPU.ActiveCfg = Release|Any CPU
		{12B7638A-DB84-45CB-A086-0D0C1C075061}.Release|Any CPU.Build.0 = Release|Any CPU
	EndGlobalSection
	GlobalSection(SolutionProperties) = preSolution
		HideSolutionNode = FALSE
	EndGlobalSection
EndGlobal
